
Microsoft Visual Studio Solution File, Format Version 12.00
Project("{FAE04EC0-301F-11D3-BF4B-00C04F79EFBC}") = "Example.WeatherService", "Example.WeatherService\Example.WeatherService.csproj", "{E1B0646E-D3E1-4C07-B81E-49ABAAD7AFC3}"
EndProject
Project("{FAE04EC0-301F-11D3-BF4B-00C04F79EFBC}") = "weather", "weather\weather.csproj", "{AF28B093-FDF5-4CC5-AD19-119663CAE2FC}"
EndProject
Global
	GlobalSection(SolutionConfigurationPlatforms) = preSolution
		Debug|Any CPU = Debug|Any CPU
		Release|Any CPU = Release|Any CPU
	EndGlobalSection
	GlobalSection(ProjectConfigurationPlatforms) = postSolution
		{E1B0646E-D3E1-4C07-B81E-49ABAAD7AFC3}.Debug|Any CPU.ActiveCfg = Debug|Any CPU
		{E1B0646E-D3E1-4C07-B81E-49ABAAD7AFC3}.Debug|Any CPU.Build.0 = Debug|Any CPU
		{E1B0646E-D3E1-4C07-B81E-49ABAAD7AFC3}.Release|Any CPU.ActiveCfg = Release|Any CPU
		{E1B0646E-D3E1-4C07-B81E-49ABAAD7AFC3}.Release|Any CPU.Build.0 = Release|Any CPU
		{AF28B093-FDF5-4CC5-AD19-119663CAE2FC}.Debug|Any CPU.ActiveCfg = Debug|Any CPU
		{AF28B093-FDF5-4CC5-AD19-119663CAE2FC}.Debug|Any CPU.Build.0 = Debug|Any CPU
		{AF28B093-FDF5-4CC5-AD19-119663CAE2FC}.Release|Any CPU.ActiveCfg = Release|Any CPU
		{AF28B093-FDF5-4CC5-AD19-119663CAE2FC}.Release|Any CPU.Build.0 = Release|Any CPU
	EndGlobalSection
EndGlobal
